
Microsoft Visual Studio Solution File, Format Version 12.00
# Visual Studio Version 17
VisualStudioVersion = 17.11.35312.102
MinimumVisualStudioVersion = 10.0.40219.1
Project("{FAE04EC0-301F-11D3-BF4B-00C04F79EFBC}") = "NXOpenSetUPCSharp", "NXOpenSetUPCSharp.csproj", "{CE6481E4-00A2-480A-B7B1-C370F64C4E30}"
EndProject
Project("{FAE04EC0-301F-11D3-BF4B-00C04F79EFBC}") = "NXOpenSetUPCSharpTest", "Tests\NXOpenSetUPCSharpTest.csproj", "{ACD8A684-FB81-4006-AEE5-790ED243A881}"
EndProject
Global
	GlobalSection(SolutionConfigurationPlatforms) = preSolution
		Debug|Any CPU = Debug|Any CPU
		Release|Any CPU = Release|Any CPU
	EndGlobalSection
	GlobalSection(ProjectConfigurationPlatforms) = postSolution
		{CE6481E4-00A2-480A-B7B1-C370F64C4E30}.Debug|Any CPU.ActiveCfg = Debug|Any CPU
		{CE6481E4-00A2-480A-B7B1-C370F64C4E30}.Debug|Any CPU.Build.0 = Debug|Any CPU
		{CE6481E4-00A2-480A-B7B1-C370F64C4E30}.Release|Any CPU.ActiveCfg = Release|Any CPU
		{CE6481E4-00A2-480A-B7B1-C370F64C4E30}.Release|Any CPU.Build.0 = Release|Any CPU
		{ACD8A684-FB81-4006-AEE5-790ED243A881}.Debug|Any CPU.ActiveCfg = Debug|Any CPU
		{ACD8A684-FB81-4006-AEE5-790ED243A881}.Debug|Any CPU.Build.0 = Debug|Any CPU
		{ACD8A684-FB81-4006-AEE5-790ED243A881}.Release|Any CPU.ActiveCfg = Release|Any CPU
		{ACD8A684-FB81-4006-AEE5-790ED243A881}.Release|Any CPU.Build.0 = Release|Any CPU
	EndGlobalSection
	GlobalSection(SolutionProperties) = preSolution
		HideSolutionNode = FALSE
	EndGlobalSection
	GlobalSection(ExtensibilityGlobals) = postSolution
		SolutionGuid = {2CF35510-3408-4423-97A9-4D20173A9059}
	EndGlobalSection
EndGlobal
